
Microsoft Visual Studio Solution File, Format Version 12.00
# Visual Studio Version 17
VisualStudioVersion = 17.3.32714.290
MinimumVisualStudioVersion = 10.0.40219.1
Project("{9A19103F-16F7-4668-BE54-9A1E7A4F7556}") = "CaseCalculator.App", "CaseCalculator.App\CaseCalculator.App.csproj", "{565EA967-088F-4DD2-9AC7-69961A232B6E}"
EndProject
Project("{9A19103F-16F7-4668-BE54-9A1E7A4F7556}") = "CaseCalculator.Utilities", "CaseCalculator.Utilities\CaseCalculator.Utilities.csproj", "{E7832197-0A56-4467-B936-A36A4F2FB310}"
EndProject
Project("{9A19103F-16F7-4668-BE54-9A1E7A4F7556}") = "CaseCalculator.Models", "CaseCalculator.Models\CaseCalculator.Models.csproj", "{FCB1E4B7-E155-4FEB-B6AF-8BC144B173CB}"
EndProject
Global
	GlobalSection(SolutionConfigurationPlatforms) = preSolution
		Debug|Any CPU = Debug|Any CPU
		Release|Any CPU = Release|Any CPU
	EndGlobalSection
	GlobalSection(ProjectConfigurationPlatforms) = postSolution
		{565EA967-088F-4DD2-9AC7-69961A232B6E}.Debug|Any CPU.ActiveCfg = Debug|Any CPU
		{565EA967-088F-4DD2-9AC7-69961A232B6E}.Debug|Any CPU.Build.0 = Debug|Any CPU
		{565EA967-088F-4DD2-9AC7-69961A232B6E}.Debug|Any CPU.Deploy.0 = Debug|Any CPU
		{565EA967-088F-4DD2-9AC7-69961A232B6E}.Release|Any CPU.ActiveCfg = Release|Any CPU
		{565EA967-088F-4DD2-9AC7-69961A232B6E}.Release|Any CPU.Build.0 = Release|Any CPU
		{565EA967-088F-4DD2-9AC7-69961A232B6E}.Release|Any CPU.Deploy.0 = Release|Any CPU
		{E7832197-0A56-4467-B936-A36A4F2FB310}.Debug|Any CPU.ActiveCfg = Debug|Any CPU
		{E7832197-0A56-4467-B936-A36A4F2FB310}.Debug|Any CPU.Build.0 = Debug|Any CPU
		{E7832197-0A56-4467-B936-A36A4F2FB310}.Release|Any CPU.ActiveCfg = Release|Any CPU
		{E7832197-0A56-4467-B936-A36A4F2FB310}.Release|Any CPU.Build.0 = Release|Any CPU
		{FCB1E4B7-E155-4FEB-B6AF-8BC144B173CB}.Debug|Any CPU.ActiveCfg = Debug|Any CPU
		{FCB1E4B7-E155-4FEB-B6AF-8BC144B173CB}.Debug|Any CPU.Build.0 = Debug|Any CPU
		{FCB1E4B7-E155-4FEB-B6AF-8BC144B173CB}.Release|Any CPU.ActiveCfg = Release|Any CPU
		{FCB1E4B7-E155-4FEB-B6AF-8BC144B173CB}.Release|Any CPU.Build.0 = Release|Any CPU
	EndGlobalSection
	GlobalSection(SolutionProperties) = preSolution
		HideSolutionNode = FALSE
	EndGlobalSection
	GlobalSection(ExtensibilityGlobals) = postSolution
		SolutionGuid = {69FAB991-E65A-4E86-A608-4144B605CBB0}
	EndGlobalSection
EndGlobal
